
Microsoft Visual Studio Solution File, Format Version 12.00
# Visual Studio Version 17
VisualStudioVersion = 17.7.34031.279
MinimumVisualStudioVersion = 16.0.0.0
Project("{9A19103F-16F7-4668-BE54-9A1E7A4F7556}") = "MyraTemplate.Windows", "MyraTemplate.Windows\MyraTemplate.Windows.csproj", "{BD1332B3-8B12-4046-8C36-40C3E4CA131D}"
EndProject
Project("{9A19103F-16F7-4668-BE54-9A1E7A4F7556}") = "MyraTemplate", "MyraTemplate\MyraTemplate.csproj", "{D6BC147E-7468-4C45-8596-C0B5877565F7}"
EndProject
Global
	GlobalSection(SolutionConfigurationPlatforms) = preSolution
		Debug|Any CPU = Debug|Any CPU
		Release|Any CPU = Release|Any CPU
	EndGlobalSection
	GlobalSection(ProjectConfigurationPlatforms) = postSolution
		{BD1332B3-8B12-4046-8C36-40C3E4CA131D}.Debug|Any CPU.ActiveCfg = Debug|Any CPU
		{BD1332B3-8B12-4046-8C36-40C3E4CA131D}.Debug|Any CPU.Build.0 = Debug|Any CPU
		{BD1332B3-8B12-4046-8C36-40C3E4CA131D}.Release|Any CPU.ActiveCfg = Release|Any CPU
		{BD1332B3-8B12-4046-8C36-40C3E4CA131D}.Release|Any CPU.Build.0 = Release|Any CPU
		{D6BC147E-7468-4C45-8596-C0B5877565F7}.Debug|Any CPU.ActiveCfg = Debug|Any CPU
		{D6BC147E-7468-4C45-8596-C0B5877565F7}.Debug|Any CPU.Build.0 = Debug|Any CPU
		{D6BC147E-7468-4C45-8596-C0B5877565F7}.Release|Any CPU.ActiveCfg = Release|Any CPU
		{D6BC147E-7468-4C45-8596-C0B5877565F7}.Release|Any CPU.Build.0 = Release|Any CPU
	EndGlobalSection
	GlobalSection(SolutionProperties) = preSolution
		HideSolutionNode = FALSE
	EndGlobalSection
	GlobalSection(ExtensibilityGlobals) = postSolution
		SolutionGuid = {39EF621F-EBA4-4A2A-8A60-A4A11D17E7F3}
	EndGlobalSection
EndGlobal
